// !$*UTF8*$!
{
	archiveVersion = 1;
	classes = {
	};
	objectVersion = 51;
	objects = {

/* Begin PBXBuildFile section */
		9552838BD446D2E4201B83E7 /* Pods_Fact_AppTests.framework in Frameworks */ = {isa = PBXBuildFile; fileRef = 805262BB2BDE0EF271FDBB18 /* Pods_Fact_AppTests.framework */; };
		9DFA34A6850FB1E54B217FBF /* Pods_Fact_App.framework in Frameworks */ = {isa = PBXBuildFile; fileRef = EA487F77BE166D45188958E7 /* Pods_Fact_App.framework */; };
		A103963625B7E55700CC0034 /* AppDelegate.swift in Sources */ = {isa = PBXBuildFile; fileRef = A103963525B7E55700CC0034 /* AppDelegate.swift */; };
		A103963825B7E55700CC0034 /* SceneDelegate.swift in Sources */ = {isa = PBXBuildFile; fileRef = A103963725B7E55700CC0034 /* SceneDelegate.swift */; };
		A103963F25B7E55900CC0034 /* Assets.xcassets in Resources */ = {isa = PBXBuildFile; fileRef = A103963E25B7E55900CC0034 /* Assets.xcassets */; };
		A103964225B7E55900CC0034 /* LaunchScreen.storyboard in Resources */ = {isa = PBXBuildFile; fileRef = A103964025B7E55900CC0034 /* LaunchScreen.storyboard */; };
		A103964D25B7E55900CC0034 /* Fact_AppTests.swift in Sources */ = {isa = PBXBuildFile; fileRef = A103964C25B7E55900CC0034 /* Fact_AppTests.swift */; };
		A103965825B7E55900CC0034 /* Fact_AppUITests.swift in Sources */ = {isa = PBXBuildFile; fileRef = A103965725B7E55900CC0034 /* Fact_AppUITests.swift */; };
		A10C482325B7EBCF00319EB8 /* SessionManager.swift in Sources */ = {isa = PBXBuildFile; fileRef = A10C482225B7EBCF00319EB8 /* SessionManager.swift */; };
		A10C482B25B7EC0300319EB8 /* Environment.swift in Sources */ = {isa = PBXBuildFile; fileRef = A10C482A25B7EC0300319EB8 /* Environment.swift */; };
		A10C483725B7EFEB00319EB8 /* APIEndpoints.swift in Sources */ = {isa = PBXBuildFile; fileRef = A10C483625B7EFEB00319EB8 /* APIEndpoints.swift */; };
		A10C483C25B7F05E00319EB8 /* APIRequests.swift in Sources */ = {isa = PBXBuildFile; fileRef = A10C483B25B7F05E00319EB8 /* APIRequests.swift */; };
		A10C484925B7F45600319EB8 /* HomeVC.swift in Sources */ = {isa = PBXBuildFile; fileRef = A10C484825B7F45600319EB8 /* HomeVC.swift */; };
		A10C485425B7FCA600319EB8 /* Fact.swift in Sources */ = {isa = PBXBuildFile; fileRef = A10C485325B7FCA600319EB8 /* Fact.swift */; };
		A10C485925B7FCE200319EB8 /* HomeViewModel.swift in Sources */ = {isa = PBXBuildFile; fileRef = A10C485825B7FCE200319EB8 /* HomeViewModel.swift */; };
		A10C487625B8013200319EB8 /* FactCell.swift in Sources */ = {isa = PBXBuildFile; fileRef = A10C487425B8013200319EB8 /* FactCell.swift */; };
		A10C487725B8013200319EB8 /* FactCell.xib in Resources */ = {isa = PBXBuildFile; fileRef = A10C487525B8013200319EB8 /* FactCell.xib */; };
		A10C487D25B805A600319EB8 /* NameDescribable.swift in Sources */ = {isa = PBXBuildFile; fileRef = A10C487C25B805A600319EB8 /* NameDescribable.swift */; };
		E312A8F0AC2DE7D4C30CD333 /* Pods_Fact_App_Fact_AppUITests.framework in Frameworks */ = {isa = PBXBuildFile; fileRef = 60487B7259EE473EDE03823A /* Pods_Fact_App_Fact_AppUITests.framework */; };
/* End PBXBuildFile section */

/* Begin PBXContainerItemProxy section */
		A103964925B7E55900CC0034 /* PBXContainerItemProxy */ = {
			isa = PBXContainerItemProxy;
			containerPortal = A103962A25B7E55700CC0034 /* Project object */;
			proxyType = 1;
			remoteGlobalIDString = A103963125B7E55700CC0034;
			remoteInfo = "Fact-App";
		};
		A103965425B7E55900CC0034 /* PBXContainerItemProxy */ = {
			isa = PBXContainerItemProxy;
			containerPortal = A103962A25B7E55700CC0034 /* Project object */;
			proxyType = 1;
			remoteGlobalIDString = A103963125B7E55700CC0034;
			remoteInfo = "Fact-App";
		};
/* End PBXContainerItemProxy section */

/* Begin PBXFileReference section */
		1B49FF5D3DEC0E77AE4BB593 /* Pods-Fact-AppTests.debug.xcconfig */ = {isa = PBXFileReference; includeInIndex = 1; lastKnownFileType = text.xcconfig; name = "Pods-Fact-AppTests.debug.xcconfig"; path = "Target Support Files/Pods-Fact-AppTests/Pods-Fact-AppTests.debug.xcconfig"; sourceTree = "<group>"; };
		1BC0C3282DB7A98D6AD31FA4 /* Pods-Fact-AppTests.release.xcconfig */ = {isa = PBXFileReference; includeInIndex = 1; lastKnownFileType = text.xcconfig; name = "Pods-Fact-AppTests.release.xcconfig"; path = "Target Support Files/Pods-Fact-AppTests/Pods-Fact-AppTests.release.xcconfig"; sourceTree = "<group>"; };
		2A0D08AFB1756C507AE78283 /* Pods-Fact-App-Fact-AppUITests.release.xcconfig */ = {isa = PBXFileReference; includeInIndex = 1; lastKnownFileType = text.xcconfig; name = "Pods-Fact-App-Fact-AppUITests.release.xcconfig"; path = "Target Support Files/Pods-Fact-App-Fact-AppUITests/Pods-Fact-App-Fact-AppUITests.release.xcconfig"; sourceTree = "<group>"; };
		60487B7259EE473EDE03823A /* Pods_Fact_App_Fact_AppUITests.framework */ = {isa = PBXFileReference; explicitFileType = wrapper.framework; includeInIndex = 0; path = Pods_Fact_App_Fact_AppUITests.framework; sourceTree = BUILT_PRODUCTS_DIR; };
		805262BB2BDE0EF271FDBB18 /* Pods_Fact_AppTests.framework */ = {isa = PBXFileReference; explicitFileType = wrapper.framework; includeInIndex = 0; path = Pods_Fact_AppTests.framework; sourceTree = BUILT_PRODUCTS_DIR; };
		9C8D644CFCEB00253489AFC4 /* Pods-Fact-App.debug.xcconfig */ = {isa = PBXFileReference; includeInIndex = 1; lastKnownFileType = text.xcconfig; name = "Pods-Fact-App.debug.xcconfig"; path = "Target Support Files/Pods-Fact-App/Pods-Fact-App.debug.xcconfig"; sourceTree = "<group>"; };
		A103963225B7E55700CC0034 /* Fact-App.app */ = {isa = PBXFileReference; explicitFileType = wrapper.application; includeInIndex = 0; path = "Fact-App.app"; sourceTree = BUILT_PRODUCTS_DIR; };
		A103963525B7E55700CC0034 /* AppDelegate.swift */ = {isa = PBXFileReference; lastKnownFileType = sourcecode.swift; path = AppDelegate.swift; sourceTree = "<group>"; };
		A103963725B7E55700CC0034 /* SceneDelegate.swift */ = {isa = PBXFileReference; lastKnownFileType = sourcecode.swift; path = SceneDelegate.swift; sourceTree = "<group>"; };
		A103963E25B7E55900CC0034 /* Assets.xcassets */ = {isa = PBXFileReference; lastKnownFileType = folder.assetcatalog; path = Assets.xcassets; sourceTree = "<group>"; };
		A103964125B7E55900CC0034 /* Base */ = {isa = PBXFileReference; lastKnownFileType = file.storyboard; name = Base; path = Base.lproj/LaunchScreen.storyboard; sourceTree = "<group>"; };
		A103964325B7E55900CC0034 /* Info.plist */ = {isa = PBXFileReference; lastKnownFileType = text.plist.xml; path = Info.plist; sourceTree = "<group>"; };
		A103964825B7E55900CC0034 /* Fact-AppTests.xctest */ = {isa = PBXFileReference; explicitFileType = wrapper.cfbundle; includeInIndex = 0; path = "Fact-AppTests.xctest"; sourceTree = BUILT_PRODUCTS_DIR; };
		A103964C25B7E55900CC0034 /* Fact_AppTests.swift */ = {isa = PBXFileReference; lastKnownFileType = sourcecode.swift; path = Fact_AppTests.swift; sourceTree = "<group>"; };
		A103964E25B7E55900CC0034 /* Info.plist */ = {isa = PBXFileReference; lastKnownFileType = text.plist.xml; path = Info.plist; sourceTree = "<group>"; };
		A103965325B7E55900CC0034 /* Fact-AppUITests.xctest */ = {isa = PBXFileReference; explicitFileType = wrapper.cfbundle; includeInIndex = 0; path = "Fact-AppUITests.xctest"; sourceTree = BUILT_PRODUCTS_DIR; };
		A103965725B7E55900CC0034 /* Fact_AppUITests.swift */ = {isa = PBXFileReference; lastKnownFileType = sourcecode.swift; path = Fact_AppUITests.swift; sourceTree = "<group>"; };
		A103965925B7E55900CC0034 /* Info.plist */ = {isa = PBXFileReference; lastKnownFileType = text.plist.xml; path = Info.plist; sourceTree = "<group>"; };
		A10C482225B7EBCF00319EB8 /* SessionManager.swift */ = {isa = PBXFileReference; lastKnownFileType = sourcecode.swift; path = SessionManager.swift; sourceTree = "<group>"; };
		A10C482A25B7EC0300319EB8 /* Environment.swift */ = {isa = PBXFileReference; lastKnownFileType = sourcecode.swift; path = Environment.swift; sourceTree = "<group>"; };
		A10C483625B7EFEB00319EB8 /* APIEndpoints.swift */ = {isa = PBXFileReference; lastKnownFileType = sourcecode.swift; path = APIEndpoints.swift; sourceTree = "<group>"; };
		A10C483B25B7F05E00319EB8 /* APIRequests.swift */ = {isa = PBXFileReference; lastKnownFileType = sourcecode.swift; path = APIRequests.swift; sourceTree = "<group>"; };
		A10C484825B7F45600319EB8 /* HomeVC.swift */ = {isa = PBXFileReference; lastKnownFileType = sourcecode.swift; path = HomeVC.swift; sourceTree = "<group>"; };
		A10C485325B7FCA600319EB8 /* Fact.swift */ = {isa = PBXFileReference; lastKnownFileType = sourcecode.swift; path = Fact.swift; sourceTree = "<group>"; };
		A10C485825B7FCE200319EB8 /* HomeViewModel.swift */ = {isa = PBXFileReference; lastKnownFileType = sourcecode.swift; path = HomeViewModel.swift; sourceTree = "<group>"; };
		A10C487425B8013200319EB8 /* FactCell.swift */ = {isa = PBXFileReference; lastKnownFileType = sourcecode.swift; path = FactCell.swift; sourceTree = "<group>"; };
		A10C487525B8013200319EB8 /* FactCell.xib */ = {isa = PBXFileReference; lastKnownFileType = file.xib; path = FactCell.xib; sourceTree = "<group>"; };
		A10C487C25B805A600319EB8 /* NameDescribable.swift */ = {isa = PBXFileReference; fileEncoding = 4; lastKnownFileType = sourcecode.swift; path = NameDescribable.swift; sourceTree = "<group>"; };
		AE7270776E4EABCE547E3575 /* Pods-Fact-App.release.xcconfig */ = {isa = PBXFileReference; includeInIndex = 1; lastKnownFileType = text.xcconfig; name = "Pods-Fact-App.release.xcconfig"; path = "Target Support Files/Pods-Fact-App/Pods-Fact-App.release.xcconfig"; sourceTree = "<group>"; };
		D6B2387778C32CA99098574E /* Pods-Fact-App-Fact-AppUITests.debug.xcconfig */ = {isa = PBXFileReference; includeInIndex = 1; lastKnownFileType = text.xcconfig; name = "Pods-Fact-App-Fact-AppUITests.debug.xcconfig"; path = "Target Support Files/Pods-Fact-App-Fact-AppUITests/Pods-Fact-App-Fact-AppUITests.debug.xcconfig"; sourceTree = "<group>"; };
		EA487F77BE166D45188958E7 /* Pods_Fact_App.framework */ = {isa = PBXFileReference; explicitFileType = wrapper.framework; includeInIndex = 0; path = Pods_Fact_App.framework; sourceTree = BUILT_PRODUCTS_DIR; };
/* End PBXFileReference section */

/* Begin PBXFrameworksBuildPhase section */
		A103962F25B7E55700CC0034 /* Frameworks */ = {
			isa = PBXFrameworksBuildPhase;
			buildActionMask = 2147483647;
			files = (
				9DFA34A6850FB1E54B217FBF /* Pods_Fact_App.framework in Frameworks */,
			);
			runOnlyForDeploymentPostprocessing = 0;
		};
		A103964525B7E55900CC0034 /* Frameworks */ = {
			isa = PBXFrameworksBuildPhase;
			buildActionMask = 2147483647;
			files = (
				9552838BD446D2E4201B83E7 /* Pods_Fact_AppTests.framework in Frameworks */,
			);
			runOnlyForDeploymentPostprocessing = 0;
		};
		A103965025B7E55900CC0034 /* Frameworks */ = {
			isa = PBXFrameworksBuildPhase;
			buildActionMask = 2147483647;
			files = (
				E312A8F0AC2DE7D4C30CD333 /* Pods_Fact_App_Fact_AppUITests.framework in Frameworks */,
			);
			runOnlyForDeploymentPostprocessing = 0;
		};
/* End PBXFrameworksBuildPhase section */

/* Begin PBXGroup section */
		A103962925B7E55700CC0034 = {
			isa = PBXGroup;
			children = (
				A103963425B7E55700CC0034 /* Fact-App */,
				A103964B25B7E55900CC0034 /* Fact-AppTests */,
				A103965625B7E55900CC0034 /* Fact-AppUITests */,
				A103963325B7E55700CC0034 /* Products */,
				DEAD8C1734600A42F91B94B1 /* Pods */,
				BBCD631352E41D58803B34FA /* Frameworks */,
			);
			sourceTree = "<group>";
		};
		A103963325B7E55700CC0034 /* Products */ = {
			isa = PBXGroup;
			children = (
				A103963225B7E55700CC0034 /* Fact-App.app */,
				A103964825B7E55900CC0034 /* Fact-AppTests.xctest */,
				A103965325B7E55900CC0034 /* Fact-AppUITests.xctest */,
			);
			name = Products;
			sourceTree = "<group>";
		};
		A103963425B7E55700CC0034 /* Fact-App */ = {
			isa = PBXGroup;
			children = (
				A10C484025B7F3B700319EB8 /* Module */,
				A10C482F25B7EC1500319EB8 /* Environment */,
				A10C482025B7EBA800319EB8 /* Helper */,
				A103963525B7E55700CC0034 /* AppDelegate.swift */,
				A103963725B7E55700CC0034 /* SceneDelegate.swift */,
				A103963E25B7E55900CC0034 /* Assets.xcassets */,
				A103964025B7E55900CC0034 /* LaunchScreen.storyboard */,
				A103964325B7E55900CC0034 /* Info.plist */,
			);
			path = "Fact-App";
			sourceTree = "<group>";
		};
		A103964B25B7E55900CC0034 /* Fact-AppTests */ = {
			isa = PBXGroup;
			children = (
				A103964C25B7E55900CC0034 /* Fact_AppTests.swift */,
				A103964E25B7E55900CC0034 /* Info.plist */,
			);
			path = "Fact-AppTests";
			sourceTree = "<group>";
		};
		A103965625B7E55900CC0034 /* Fact-AppUITests */ = {
			isa = PBXGroup;
			children = (
				A103965725B7E55900CC0034 /* Fact_AppUITests.swift */,
				A103965925B7E55900CC0034 /* Info.plist */,
			);
			path = "Fact-AppUITests";
			sourceTree = "<group>";
		};
		A10C482025B7EBA800319EB8 /* Helper */ = {
			isa = PBXGroup;
			children = (
				A10C487B25B8059F00319EB8 /* Extension */,
				A10C482125B7EBB500319EB8 /* Network */,
			);
			path = Helper;
			sourceTree = "<group>";
		};
		A10C482125B7EBB500319EB8 /* Network */ = {
			isa = PBXGroup;
			children = (
				A10C482225B7EBCF00319EB8 /* SessionManager.swift */,
				A10C483625B7EFEB00319EB8 /* APIEndpoints.swift */,
				A10C483B25B7F05E00319EB8 /* APIRequests.swift */,
			);
			path = Network;
			sourceTree = "<group>";
		};
		A10C482F25B7EC1500319EB8 /* Environment */ = {
			isa = PBXGroup;
			children = (
				A10C482A25B7EC0300319EB8 /* Environment.swift */,
			);
			path = Environment;
			sourceTree = "<group>";
		};
		A10C484025B7F3B700319EB8 /* Module */ = {
			isa = PBXGroup;
			children = (
				A10C484425B7F41C00319EB8 /* Home */,
			);
			path = Module;
			sourceTree = "<group>";
		};
		A10C484425B7F41C00319EB8 /* Home */ = {
			isa = PBXGroup;
			children = (
				A10C484725B7F43300319EB8 /* View */,
				A10C484625B7F42900319EB8 /* ViewModel */,
				A10C484525B7F42400319EB8 /* Model */,
			);
			path = Home;
			sourceTree = "<group>";
		};
		A10C484525B7F42400319EB8 /* Model */ = {
			isa = PBXGroup;
			children = (
				A10C485325B7FCA600319EB8 /* Fact.swift */,
			);
			path = Model;
			sourceTree = "<group>";
		};
		A10C484625B7F42900319EB8 /* ViewModel */ = {
			isa = PBXGroup;
			children = (
				A10C485825B7FCE200319EB8 /* HomeViewModel.swift */,
			);
			path = ViewModel;
			sourceTree = "<group>";
		};
		A10C484725B7F43300319EB8 /* View */ = {
			isa = PBXGroup;
			children = (
				A10C484825B7F45600319EB8 /* HomeVC.swift */,
				A10C487425B8013200319EB8 /* FactCell.swift */,
				A10C487525B8013200319EB8 /* FactCell.xib */,
			);
			path = View;
			sourceTree = "<group>";
		};
		A10C487B25B8059F00319EB8 /* Extension */ = {
			isa = PBXGroup;
			children = (
				A10C487C25B805A600319EB8 /* NameDescribable.swift */,
			);
			path = Extension;
			sourceTree = "<group>";
		};
		BBCD631352E41D58803B34FA /* Frameworks */ = {
			isa = PBXGroup;
			children = (
				EA487F77BE166D45188958E7 /* Pods_Fact_App.framework */,
				60487B7259EE473EDE03823A /* Pods_Fact_App_Fact_AppUITests.framework */,
				805262BB2BDE0EF271FDBB18 /* Pods_Fact_AppTests.framework */,
			);
			name = Frameworks;
			sourceTree = "<group>";
		};
		DEAD8C1734600A42F91B94B1 /* Pods */ = {
			isa = PBXGroup;
			children = (
				9C8D644CFCEB00253489AFC4 /* Pods-Fact-App.debug.xcconfig */,
				AE7270776E4EABCE547E3575 /* Pods-Fact-App.release.xcconfig */,
				D6B2387778C32CA99098574E /* Pods-Fact-App-Fact-AppUITests.debug.xcconfig */,
				2A0D08AFB1756C507AE78283 /* Pods-Fact-App-Fact-AppUITests.release.xcconfig */,
				1B49FF5D3DEC0E77AE4BB593 /* Pods-Fact-AppTests.debug.xcconfig */,
				1BC0C3282DB7A98D6AD31FA4 /* Pods-Fact-AppTests.release.xcconfig */,
			);
			path = Pods;
			sourceTree = "<group>";
		};
/* End PBXGroup section */

/* Begin PBXNativeTarget section */
		A103963125B7E55700CC0034 /* Fact-App */ = {
			isa = PBXNativeTarget;
			buildConfigurationList = A103965C25B7E55900CC0034 /* Build configuration list for PBXNativeTarget "Fact-App" */;
			buildPhases = (
				C2D3734620A979A23DE877B8 /* [CP] Check Pods Manifest.lock */,
				A103962E25B7E55700CC0034 /* Sources */,
				A103962F25B7E55700CC0034 /* Frameworks */,
				A103963025B7E55700CC0034 /* Resources */,
				0BB784ECD39B5603A320B183 /* [CP] Embed Pods Frameworks */,
			);
			buildRules = (
			);
			dependencies = (
			);
			name = "Fact-App";
			productName = "Fact-App";
			productReference = A103963225B7E55700CC0034 /* Fact-App.app */;
			productType = "com.apple.product-type.application";
		};
		A103964725B7E55900CC0034 /* Fact-AppTests */ = {
			isa = PBXNativeTarget;
			buildConfigurationList = A103965F25B7E55900CC0034 /* Build configuration list for PBXNativeTarget "Fact-AppTests" */;
			buildPhases = (
				4338AE4F5AF326A31736FC1B /* [CP] Check Pods Manifest.lock */,
				A103964425B7E55900CC0034 /* Sources */,
				A103964525B7E55900CC0034 /* Frameworks */,
				A103964625B7E55900CC0034 /* Resources */,
			);
			buildRules = (
			);
			dependencies = (
				A103964A25B7E55900CC0034 /* PBXTargetDependency */,
			);
			name = "Fact-AppTests";
			productName = "Fact-AppTests";
			productReference = A103964825B7E55900CC0034 /* Fact-AppTests.xctest */;
			productType = "com.apple.product-type.bundle.unit-test";
		};
		A103965225B7E55900CC0034 /* Fact-AppUITests */ = {
			isa = PBXNativeTarget;
			buildConfigurationList = A103966225B7E55900CC0034 /* Build configuration list for PBXNativeTarget "Fact-AppUITests" */;
			buildPhases = (
				28AE300BCD6C140ED72D4588 /* [CP] Check Pods Manifest.lock */,
				A103964F25B7E55900CC0034 /* Sources */,
				A103965025B7E55900CC0034 /* Frameworks */,
				A103965125B7E55900CC0034 /* Resources */,
				22663DA4B3041B01888B1214 /* [CP] Embed Pods Frameworks */,
			);
			buildRules = (
			);
			dependencies = (
				A103965525B7E55900CC0034 /* PBXTargetDependency */,
			);
			name = "Fact-AppUITests";
			productName = "Fact-AppUITests";
			productReference = A103965325B7E55900CC0034 /* Fact-AppUITests.xctest */;
			productType = "com.apple.product-type.bundle.ui-testing";
		};
/* End PBXNativeTarget section */

/* Begin PBXProject section */
		A103962A25B7E55700CC0034 /* Project object */ = {
			isa = PBXProject;
			attributes = {
				LastSwiftUpdateCheck = 1210;
				LastUpgradeCheck = 1210;
				TargetAttributes = {
					A103963125B7E55700CC0034 = {
						CreatedOnToolsVersion = 12.1;
					};
					A103964725B7E55900CC0034 = {
						CreatedOnToolsVersion = 12.1;
						TestTargetID = A103963125B7E55700CC0034;
					};
					A103965225B7E55900CC0034 = {
						CreatedOnToolsVersion = 12.1;
						TestTargetID = A103963125B7E55700CC0034;
					};
				};
			};
			buildConfigurationList = A103962D25B7E55700CC0034 /* Build configuration list for PBXProject "Fact-App" */;
			compatibilityVersion = "Xcode 9.3";
			developmentRegion = en;
			hasScannedForEncodings = 0;
			knownRegions = (
				en,
				Base,
			);
			mainGroup = A103962925B7E55700CC0034;
			productRefGroup = A103963325B7E55700CC0034 /* Products */;
			projectDirPath = "";
			projectRoot = "";
			targets = (
				A103963125B7E55700CC0034 /* Fact-App */,
				A103964725B7E55900CC0034 /* Fact-AppTests */,
				A103965225B7E55900CC0034 /* Fact-AppUITests */,
			);
		};
/* End PBXProject section */

/* Begin PBXResourcesBuildPhase section */
		A103963025B7E55700CC0034 /* Resources */ = {
			isa = PBXResourcesBuildPhase;
			buildActionMask = 2147483647;
			files = (
				A10C487725B8013200319EB8 /* FactCell.xib in Resources */,
				A103964225B7E55900CC0034 /* LaunchScreen.storyboard in Resources */,
				A103963F25B7E55900CC0034 /* Assets.xcassets in Resources */,
			);
			runOnlyForDeploymentPostprocessing = 0;
		};
		A103964625B7E55900CC0034 /* Resources */ = {
			isa = PBXResourcesBuildPhase;
			buildActionMask = 2147483647;
			files = (
			);
			runOnlyForDeploymentPostprocessing = 0;
		};
		A103965125B7E55900CC0034 /* Resources */ = {
			isa = PBXResourcesBuildPhase;
			buildActionMask = 2147483647;
			files = (
			);
			runOnlyForDeploymentPostprocessing = 0;
		};
/* End PBXResourcesBuildPhase section */

/* Begin PBXShellScriptBuildPhase section */
		0BB784ECD39B5603A320B183 /* [CP] Embed Pods Frameworks */ = {
			isa = PBXShellScriptBuildPhase;
			buildActionMask = 2147483647;
			files = (
			);
			inputFileListPaths = (
				"${PODS_ROOT}/Target Support Files/Pods-Fact-App/Pods-Fact-App-frameworks-${CONFIGURATION}-input-files.xcfilelist",
			);
			name = "[CP] Embed Pods Frameworks";
			outputFileListPaths = (
				"${PODS_ROOT}/Target Support Files/Pods-Fact-App/Pods-Fact-App-frameworks-${CONFIGURATION}-output-files.xcfilelist",
			);
			runOnlyForDeploymentPostprocessing = 0;
			shellPath = /bin/sh;
			shellScript = "\"${PODS_ROOT}/Target Support Files/Pods-Fact-App/Pods-Fact-App-frameworks.sh\"\n";
			showEnvVarsInLog = 0;
		};
		22663DA4B3041B01888B1214 /* [CP] Embed Pods Frameworks */ = {
			isa = PBXShellScriptBuildPhase;
			buildActionMask = 2147483647;
			files = (
			);
			inputFileListPaths = (
				"${PODS_ROOT}/Target Support Files/Pods-Fact-App-Fact-AppUITests/Pods-Fact-App-Fact-AppUITests-frameworks-${CONFIGURATION}-input-files.xcfilelist",
			);
			name = "[CP] Embed Pods Frameworks";
			outputFileListPaths = (
				"${PODS_ROOT}/Target Support Files/Pods-Fact-App-Fact-AppUITests/Pods-Fact-App-Fact-AppUITests-frameworks-${CONFIGURATION}-output-files.xcfilelist",
			);
			runOnlyForDeploymentPostprocessing = 0;
			shellPath = /bin/sh;
			shellScript = "\"${PODS_ROOT}/Target Support Files/Pods-Fact-App-Fact-AppUITests/Pods-Fact-App-Fact-AppUITests-frameworks.sh\"\n";
			showEnvVarsInLog = 0;
		};
		28AE300BCD6C140ED72D4588 /* [CP] Check Pods Manifest.lock */ = {
			isa = PBXShellScriptBuildPhase;
			buildActionMask = 2147483647;
			files = (
			);
			inputFileListPaths = (
			);
			inputPaths = (
				"${PODS_PODFILE_DIR_PATH}/Podfile.lock",
				"${PODS_ROOT}/Manifest.lock",
			);
			name = "[CP] Check Pods Manifest.lock";
			outputFileListPaths = (
			);
			outputPaths = (
				"$(DERIVED_FILE_DIR)/Pods-Fact-App-Fact-AppUITests-checkManifestLockResult.txt",
			);
			runOnlyForDeploymentPostprocessing = 0;
			shellPath = /bin/sh;
			shellScript = "diff \"${PODS_PODFILE_DIR_PATH}/Podfile.lock\" \"${PODS_ROOT}/Manifest.lock\" > /dev/null\nif [ $? != 0 ] ; then\n    # print error to STDERR\n    echo \"error: The sandbox is not in sync with the Podfile.lock. Run 'pod install' or update your CocoaPods installation.\" >&2\n    exit 1\nfi\n# This output is used by Xcode 'outputs' to avoid re-running this script phase.\necho \"SUCCESS\" > \"${SCRIPT_OUTPUT_FILE_0}\"\n";
			showEnvVarsInLog = 0;
		};
		4338AE4F5AF326A31736FC1B /* [CP] Check Pods Manifest.lock */ = {
			isa = PBXShellScriptBuildPhase;
			buildActionMask = 2147483647;
			files = (
			);
			inputFileListPaths = (
			);
			inputPaths = (
				"${PODS_PODFILE_DIR_PATH}/Podfile.lock",
				"${PODS_ROOT}/Manifest.lock",
			);
			name = "[CP] Check Pods Manifest.lock";
			outputFileListPaths = (
			);
			outputPaths = (
				"$(DERIVED_FILE_DIR)/Pods-Fact-AppTests-checkManifestLockResult.txt",
			);
			runOnlyForDeploymentPostprocessing = 0;
			shellPath = /bin/sh;
			shellScript = "diff \"${PODS_PODFILE_DIR_PATH}/Podfile.lock\" \"${PODS_ROOT}/Manifest.lock\" > /dev/null\nif [ $? != 0 ] ; then\n    # print error to STDERR\n    echo \"error: The sandbox is not in sync with the Podfile.lock. Run 'pod install' or update your CocoaPods installation.\" >&2\n    exit 1\nfi\n# This output is used by Xcode 'outputs' to avoid re-running this script phase.\necho \"SUCCESS\" > \"${SCRIPT_OUTPUT_FILE_0}\"\n";
			showEnvVarsInLog = 0;
		};
		C2D3734620A979A23DE877B8 /* [CP] Check Pods Manifest.lock */ = {
			isa = PBXShellScriptBuildPhase;
			buildActionMask = 2147483647;
			files = (
			);
			inputFileListPaths = (
			);
			inputPaths = (
				"${PODS_PODFILE_DIR_PATH}/Podfile.lock",
				"${PODS_ROOT}/Manifest.lock",
			);
			name = "[CP] Check Pods Manifest.lock";
			outputFileListPaths = (
			);
			outputPaths = (
				"$(DERIVED_FILE_DIR)/Pods-Fact-App-checkManifestLockResult.txt",
			);
			runOnlyForDeploymentPostprocessing = 0;
			shellPath = /bin/sh;
			shellScript = "diff \"${PODS_PODFILE_DIR_PATH}/Podfile.lock\" \"${PODS_ROOT}/Manifest.lock\" > /dev/null\nif [ $? != 0 ] ; then\n    # print error to STDERR\n    echo \"error: The sandbox is not in sync with the Podfile.lock. Run 'pod install' or update your CocoaPods installation.\" >&2\n    exit 1\nfi\n# This output is used by Xcode 'outputs' to avoid re-running this script phase.\necho \"SUCCESS\" > \"${SCRIPT_OUTPUT_FILE_0}\"\n";
			showEnvVarsInLog = 0;
		};
/* End PBXShellScriptBuildPhase section */

/* Begin PBXSourcesBuildPhase section */
		A103962E25B7E55700CC0034 /* Sources */ = {
			isa = PBXSourcesBuildPhase;
			buildActionMask = 2147483647;
			files = (
				A10C483C25B7F05E00319EB8 /* APIRequests.swift in Sources */,
				A10C485925B7FCE200319EB8 /* HomeViewModel.swift in Sources */,
				A10C484925B7F45600319EB8 /* HomeVC.swift in Sources */,
				A103963625B7E55700CC0034 /* AppDelegate.swift in Sources */,
				A10C485425B7FCA600319EB8 /* Fact.swift in Sources */,
				A10C482325B7EBCF00319EB8 /* SessionManager.swift in Sources */,
				A10C487D25B805A600319EB8 /* NameDescribable.swift in Sources */,
				A10C483725B7EFEB00319EB8 /* APIEndpoints.swift in Sources */,
				A10C487625B8013200319EB8 /* FactCell.swift in Sources */,
				A103963825B7E55700CC0034 /* SceneDelegate.swift in Sources */,
				A10C482B25B7EC0300319EB8 /* Environment.swift in Sources */,
			);
			runOnlyForDeploymentPostprocessing = 0;
		};
		A103964425B7E55900CC0034 /* Sources */ = {
			isa = PBXSourcesBuildPhase;
			buildActionMask = 2147483647;
			files = (
				A103964D25B7E55900CC0034 /* Fact_AppTests.swift in Sources */,
			);
			runOnlyForDeploymentPostprocessing = 0;
		};
		A103964F25B7E55900CC0034 /* Sources */ = {
			isa = PBXSourcesBuildPhase;
			buildActionMask = 2147483647;
			files = (
				A103965825B7E55900CC0034 /* Fact_AppUITests.swift in Sources */,
			);
			runOnlyForDeploymentPostprocessing = 0;
		};
/* End PBXSourcesBuildPhase section */

/* Begin PBXTargetDependency section */
		A103964A25B7E55900CC0034 /* PBXTargetDependency */ = {
			isa = PBXTargetDependency;
			target = A103963125B7E55700CC0034 /* Fact-App */;
			targetProxy = A103964925B7E55900CC0034 /* PBXContainerItemProxy */;
		};
		A103965525B7E55900CC0034 /* PBXTargetDependency */ = {
			isa = PBXTargetDependency;
			target = A103963125B7E55700CC0034 /* Fact-App */;
			targetProxy = A103965425B7E55900CC0034 /* PBXContainerItemProxy */;
		};
/* End PBXTargetDependency section */

/* Begin PBXVariantGroup section */
		A103964025B7E55900CC0034 /* LaunchScreen.storyboard */ = {
			isa = PBXVariantGroup;
			children = (
				A103964125B7E55900CC0034 /* Base */,
			);
			name = LaunchScreen.storyboard;
			sourceTree = "<group>";
		};
/* End PBXVariantGroup section */

/* Begin XCBuildConfiguration section */
		A103965A25B7E55900CC0034 /* Debug */ = {
			isa = XCBuildConfiguration;
			buildSettings = {
				ALWAYS_SEARCH_USER_PATHS = NO;
				CLANG_ANALYZER_NONNULL = YES;
				CLANG_ANALYZER_NUMBER_OBJECT_CONVERSION = YES_AGGRESSIVE;
				CLANG_CXX_LANGUAGE_STANDARD = "gnu++14";
				CLANG_CXX_LIBRARY = "libc++";
				CLANG_ENABLE_MODULES = YES;
				CLANG_ENABLE_OBJC_ARC = YES;
				CLANG_ENABLE_OBJC_WEAK = YES;
				CLANG_WARN_BLOCK_CAPTURE_AUTORELEASING = YES;
				CLANG_WARN_BOOL_CONVERSION = YES;
				CLANG_WARN_COMMA = YES;
				CLANG_WARN_CONSTANT_CONVERSION = YES;
				CLANG_WARN_DEPRECATED_OBJC_IMPLEMENTATIONS = YES;
				CLANG_WARN_DIRECT_OBJC_ISA_USAGE = YES_ERROR;
				CLANG_WARN_DOCUMENTATION_COMMENTS = YES;
				CLANG_WARN_EMPTY_BODY = YES;
				CLANG_WARN_ENUM_CONVERSION = YES;
				CLANG_WARN_INFINITE_RECURSION = YES;
				CLANG_WARN_INT_CONVERSION = YES;
				CLANG_WARN_NON_LITERAL_NULL_CONVERSION = YES;
				CLANG_WARN_OBJC_IMPLICIT_RETAIN_SELF = YES;
				CLANG_WARN_OBJC_LITERAL_CONVERSION = YES;
				CLANG_WARN_OBJC_ROOT_CLASS = YES_ERROR;
				CLANG_WARN_QUOTED_INCLUDE_IN_FRAMEWORK_HEADER = YES;
				CLANG_WARN_RANGE_LOOP_ANALYSIS = YES;
				CLANG_WARN_STRICT_PROTOTYPES = YES;
				CLANG_WARN_SUSPICIOUS_MOVE = YES;
				CLANG_WARN_UNGUARDED_AVAILABILITY = YES_AGGRESSIVE;
				CLANG_WARN_UNREACHABLE_CODE = YES;
				CLANG_WARN__DUPLICATE_METHOD_MATCH = YES;
				COPY_PHASE_STRIP = NO;
				DEBUG_INFORMATION_FORMAT = dwarf;
				ENABLE_STRICT_OBJC_MSGSEND = YES;
				ENABLE_TESTABILITY = YES;
				GCC_C_LANGUAGE_STANDARD = gnu11;
				GCC_DYNAMIC_NO_PIC = NO;
				GCC_NO_COMMON_BLOCKS = YES;
				GCC_OPTIMIZATION_LEVEL = 0;
				GCC_PREPROCESSOR_DEFINITIONS = (
					"DEBUG=1",
					"$(inherited)",
				);
				GCC_WARN_64_TO_32_BIT_CONVERSION = YES;
				GCC_WARN_ABOUT_RETURN_TYPE = YES_ERROR;
				GCC_WARN_UNDECLARED_SELECTOR = YES;
				GCC_WARN_UNINITIALIZED_AUTOS = YES_AGGRESSIVE;
				GCC_WARN_UNUSED_FUNCTION = YES;
				GCC_WARN_UNUSED_VARIABLE = YES;
				IPHONEOS_DEPLOYMENT_TARGET = 14.1;
				MTL_ENABLE_DEBUG_INFO = INCLUDE_SOURCE;
				MTL_FAST_MATH = YES;
				ONLY_ACTIVE_ARCH = YES;
				SDKROOT = iphoneos;
				SWIFT_ACTIVE_COMPILATION_CONDITIONS = DEBUG;
				SWIFT_OPTIMIZATION_LEVEL = "-Onone";
			};
			name = Debug;
		};
		A103965B25B7E55900CC0034 /* Release */ = {
			isa = XCBuildConfiguration;
			buildSettings = {
				ALWAYS_SEARCH_USER_PATHS = NO;
				CLANG_ANALYZER_NONNULL = YES;
				CLANG_ANALYZER_NUMBER_OBJECT_CONVERSION = YES_AGGRESSIVE;
				CLANG_CXX_LANGUAGE_STANDARD = "gnu++14";
				CLANG_CXX_LIBRARY = "libc++";
				CLANG_ENABLE_MODULES = YES;
				CLANG_ENABLE_OBJC_ARC = YES;
				CLANG_ENABLE_OBJC_WEAK = YES;
				CLANG_WARN_BLOCK_CAPTURE_AUTORELEASING = YES;
				CLANG_WARN_BOOL_CONVERSION = YES;
				CLANG_WARN_COMMA = YES;
				CLANG_WARN_CONSTANT_CONVERSION = YES;
				CLANG_WARN_DEPRECATED_OBJC_IMPLEMENTATIONS = YES;
				CLANG_WARN_DIRECT_OBJC_ISA_USAGE = YES_ERROR;
				CLANG_WARN_DOCUMENTATION_COMMENTS = YES;
				CLANG_WARN_EMPTY_BODY = YES;
				CLANG_WARN_ENUM_CONVERSION = YES;
				CLANG_WARN_INFINITE_RECURSION = YES;
				CLANG_WARN_INT_CONVERSION = YES;
				CLANG_WARN_NON_LITERAL_NULL_CONVERSION = YES;
				CLANG_WARN_OBJC_IMPLICIT_RETAIN_SELF = YES;
				CLANG_WARN_OBJC_LITERAL_CONVERSION = YES;
				CLANG_WARN_OBJC_ROOT_CLASS = YES_ERROR;
				CLANG_WARN_QUOTED_INCLUDE_IN_FRAMEWORK_HEADER = YES;
				CLANG_WARN_RANGE_LOOP_ANALYSIS = YES;
				CLANG_WARN_STRICT_PROTOTYPES = YES;
				CLANG_WARN_SUSPICIOUS_MOVE = YES;
				CLANG_WARN_UNGUARDED_AVAILABILITY = YES_AGGRESSIVE;
				CLANG_WARN_UNREACHABLE_CODE = YES;
				CLANG_WARN__DUPLICATE_METHOD_MATCH = YES;
				COPY_PHASE_STRIP = NO;
				DEBUG_INFORMATION_FORMAT = "dwarf-with-dsym";
				ENABLE_NS_ASSERTIONS = NO;
				ENABLE_STRICT_OBJC_MSGSEND = YES;
				GCC_C_LANGUAGE_STANDARD = gnu11;
				GCC_NO_COMMON_BLOCKS = YES;
				GCC_WARN_64_TO_32_BIT_CONVERSION = YES;
				GCC_WARN_ABOUT_RETURN_TYPE = YES_ERROR;
				GCC_WARN_UNDECLARED_SELECTOR = YES;
				GCC_WARN_UNINITIALIZED_AUTOS = YES_AGGRESSIVE;
				GCC_WARN_UNUSED_FUNCTION = YES;
				GCC_WARN_UNUSED_VARIABLE = YES;
				IPHONEOS_DEPLOYMENT_TARGET = 14.1;
				MTL_ENABLE_DEBUG_INFO = NO;
				MTL_FAST_MATH = YES;
				SDKROOT = iphoneos;
				SWIFT_COMPILATION_MODE = wholemodule;
				SWIFT_OPTIMIZATION_LEVEL = "-O";
				VALIDATE_PRODUCT = YES;
			};
			name = Release;
		};
		A103965D25B7E55900CC0034 /* Debug */ = {
			isa = XCBuildConfiguration;
			baseConfigurationReference = 9C8D644CFCEB00253489AFC4 /* Pods-Fact-App.debug.xcconfig */;
			buildSettings = {
				ASSETCATALOG_COMPILER_APPICON_NAME = AppIcon;
				ASSETCATALOG_COMPILER_GLOBAL_ACCENT_COLOR_NAME = AccentColor;
				CODE_SIGN_STYLE = Automatic;
				DEVELOPMENT_TEAM = Z8B3NM7G42;
				INFOPLIST_FILE = "Fact-App/Info.plist";
				IPHONEOS_DEPLOYMENT_TARGET = 12.0;
				LD_RUNPATH_SEARCH_PATHS = (
					"$(inherited)",
					"@executable_path/Frameworks",
				);
				PRODUCT_BUNDLE_IDENTIFIER = "com.cimw.Fact-App";
				PRODUCT_NAME = "$(TARGET_NAME)";
				SWIFT_VERSION = 5.0;
				TARGETED_DEVICE_FAMILY = "1,2";
			};
			name = Debug;
		};
		A103965E25B7E55900CC0034 /* Release */ = {
			isa = XCBuildConfiguration;
			baseConfigurationReference = AE7270776E4EABCE547E3575 /* Pods-Fact-App.release.xcconfig */;
			buildSettings = {
				ASSETCATALOG_COMPILER_APPICON_NAME = AppIcon;
				ASSETCATALOG_COMPILER_GLOBAL_ACCENT_COLOR_NAME = AccentColor;
				CODE_SIGN_STYLE = Automatic;
				DEVELOPMENT_TEAM = Z8B3NM7G42;
				INFOPLIST_FILE = "Fact-App/Info.plist";
				IPHONEOS_DEPLOYMENT_TARGET = 12.0;
				LD_RUNPATH_SEARCH_PATHS = (
					"$(inherited)",
					"@executable_path/Frameworks",
				);
				PRODUCT_BUNDLE_IDENTIFIER = "com.cimw.Fact-App";
				PRODUCT_NAME = "$(TARGET_NAME)";
				SWIFT_VERSION = 5.0;
				TARGETED_DEVICE_FAMILY = "1,2";
			};
			name = Release;
		};
		A103966025B7E55900CC0034 /* Debug */ = {
			isa = XCBuildConfiguration;
			baseConfigurationReference = 1B49FF5D3DEC0E77AE4BB593 /* Pods-Fact-AppTests.debug.xcconfig */;
			buildSettings = {
				ALWAYS_EMBED_SWIFT_STANDARD_LIBRARIES = YES;
				BUNDLE_LOADER = "$(TEST_HOST)";
				CODE_SIGN_STYLE = Automatic;
				DEVELOPMENT_TEAM = Z8B3NM7G42;
				INFOPLIST_FILE = "Fact-AppTests/Info.plist";
				IPHONEOS_DEPLOYMENT_TARGET = 14.1;
				LD_RUNPATH_SEARCH_PATHS = (
					"$(inherited)",
					"@executable_path/Frameworks",
					"@loader_path/Frameworks",
				);
				PRODUCT_BUNDLE_IDENTIFIER = "com.cimw.Fact-AppTests";
				PRODUCT_NAME = "$(TARGET_NAME)";
				SWIFT_VERSION = 5.0;
				TARGETED_DEVICE_FAMILY = "1,2";
				TEST_HOST = "$(BUILT_PRODUCTS_DIR)/Fact-App.app/Fact-App";
			};
			name = Debug;
		};
		A103966125B7E55900CC0034 /* Release */ = {
			isa = XCBuildConfiguration;
			baseConfigurationReference = 1BC0C3282DB7A98D6AD31FA4 /* Pods-Fact-AppTests.release.xcconfig */;
			buildSettings = {
				ALWAYS_EMBED_SWIFT_STANDARD_LIBRARIES = YES;
				BUNDLE_LOADER = "$(TEST_HOST)";
				CODE_SIGN_STYLE = Automatic;
				DEVELOPMENT_TEAM = Z8B3NM7G42;
				INFOPLIST_FILE = "Fact-AppTests/Info.plist";
				IPHONEOS_DEPLOYMENT_TARGET = 14.1;
				LD_RUNPATH_SEARCH_PATHS = (
					"$(inherited)",
					"@executable_path/Frameworks",
					"@loader_path/Frameworks",
				);
				PRODUCT_BUNDLE_IDENTIFIER = "com.cimw.Fact-AppTests";
				PRODUCT_NAME = "$(TARGET_NAME)";
				SWIFT_VERSION = 5.0;
				TARGETED_DEVICE_FAMILY = "1,2";
				TEST_HOST = "$(BUILT_PRODUCTS_DIR)/Fact-App.app/Fact-App";
			};
			name = Release;
		};
		A103966325B7E55900CC0034 /* Debug */ = {
			isa = XCBuildConfiguration;
			baseConfigurationReference = D6B2387778C32CA99098574E /* Pods-Fact-App-Fact-AppUITests.debug.xcconfig */;
			buildSettings = {
				ALWAYS_EMBED_SWIFT_STANDARD_LIBRARIES = YES;
				CODE_SIGN_STYLE = Automatic;
				DEVELOPMENT_TEAM = Z8B3NM7G42;
				INFOPLIST_FILE = "Fact-AppUITests/Info.plist";
				LD_RUNPATH_SEARCH_PATHS = (
					"$(inherited)",
					"@executable_path/Frameworks",
					"@loader_path/Frameworks",
				);
				PRODUCT_BUNDLE_IDENTIFIER = "com.cimw.Fact-AppUITests";
				PRODUCT_NAME = "$(TARGET_NAME)";
				SWIFT_VERSION = 5.0;
				TARGETED_DEVICE_FAMILY = "1,2";
				TEST_TARGET_NAME = "Fact-App";
			};
			name = Debug;
		};
		A103966425B7E55900CC0034 /* Release */ = {
			isa = XCBuildConfiguration;
			baseConfigurationReference = 2A0D08AFB1756C507AE78283 /* Pods-Fact-App-Fact-AppUITests.release.xcconfig */;
			buildSettings = {
				ALWAYS_EMBED_SWIFT_STANDARD_LIBRARIES = YES;
				CODE_SIGN_STYLE = Automatic;
				DEVELOPMENT_TEAM = Z8B3NM7G42;
				INFOPLIST_FILE = "Fact-AppUITests/Info.plist";
				LD_RUNPATH_SEARCH_PATHS = (
					"$(inherited)",
					"@executable_path/Frameworks",
					"@loader_path/Frameworks",
				);
				PRODUCT_BUNDLE_IDENTIFIER = "com.cimw.Fact-AppUITests";
				PRODUCT_NAME = "$(TARGET_NAME)";
				SWIFT_VERSION = 5.0;
				TARGETED_DEVICE_FAMILY = "1,2";
				TEST_TARGET_NAME = "Fact-App";
			};
			name = Release;
		};
/* End XCBuildConfiguration section */

/* Begin XCConfigurationList section */
		A103962D25B7E55700CC0034 /* Build configuration list for PBXProject "Fact-App" */ = {
			isa = XCConfigurationList;
			buildConfigurations = (
				A103965A25B7E55900CC0034 /* Debug */,
				A103965B25B7E55900CC0034 /* Release */,
			);
			defaultConfigurationIsVisible = 0;
			defaultConfigurationName = Release;
		};
		A103965C25B7E55900CC0034 /* Build configuration list for PBXNativeTarget "Fact-App" */ = {
			isa = XCConfigurationList;
			buildConfigurations = (
				A103965D25B7E55900CC0034 /* Debug */,
				A103965E25B7E55900CC0034 /* Release */,
			);
			defaultConfigurationIsVisible = 0;
			defaultConfigurationName = Release;
		};
		A103965F25B7E55900CC0034 /* Build configuration list for PBXNativeTarget "Fact-AppTests" */ = {
			isa = XCConfigurationList;
			buildConfigurations = (
				A103966025B7E55900CC0034 /* Debug */,
				A103966125B7E55900CC0034 /* Release */,
			);
			defaultConfigurationIsVisible = 0;
			defaultConfigurationName = Release;
		};
		A103966225B7E55900CC0034 /* Build configuration list for PBXNativeTarget "Fact-AppUITests" */ = {
			isa = XCConfigurationList;
			buildConfigurations = (
				A103966325B7E55900CC0034 /* Debug */,
				A103966425B7E55900CC0034 /* Release */,
			);
			defaultConfigurationIsVisible = 0;
			defaultConfigurationName = Release;
		};
/* End XCConfigurationList section */
	};
	rootObject = A103962A25B7E55700CC0034 /* Project object */;
}
